
Microsoft Visual Studio Solution File, Format Version 12.00
# Visual Studio Version 17
VisualStudioVersion = 17.6.33829.357
MinimumVisualStudioVersion = 10.0.40219.1
Project("{FAE04EC0-301F-11D3-BF4B-00C04F79EFBC}") = "TP01_4K2_GH", "TP01_4K2_GH\TP01_4K2_GH.csproj", "{6581D82C-FEDC-41B0-B55C-96E30AF59825}"
EndProject
Global
	GlobalSection(SolutionConfigurationPlatforms) = preSolution
		Debug|Any CPU = Debug|Any CPU
		Release|Any CPU = Release|Any CPU
	EndGlobalSection
	GlobalSection(ProjectConfigurationPlatforms) = postSolution
		{6581D82C-FEDC-41B0-B55C-96E30AF59825}.Debug|Any CPU.ActiveCfg = Debug|Any CPU
		{6581D82C-FEDC-41B0-B55C-96E30AF59825}.Debug|Any CPU.Build.0 = Debug|Any CPU
		{6581D82C-FEDC-41B0-B55C-96E30AF59825}.Release|Any CPU.ActiveCfg = Release|Any CPU
		{6581D82C-FEDC-41B0-B55C-96E30AF59825}.Release|Any CPU.Build.0 = Release|Any CPU
	EndGlobalSection
	GlobalSection(SolutionProperties) = preSolution
		HideSolutionNode = FALSE
	EndGlobalSection
	GlobalSection(ExtensibilityGlobals) = postSolution
		SolutionGuid = {607F9994-A91E-4768-9628-5B40DC4B65CA}
	EndGlobalSection
EndGlobal
