
Microsoft Visual Studio Solution File, Format Version 12.00
# Visual Studio Version 17
VisualStudioVersion = 17.6.33815.320
MinimumVisualStudioVersion = 10.0.40219.1
Project("{9A19103F-16F7-4668-BE54-9A1E7A4F7556}") = "TP3_SIM", "TP3_SIM_GH\TP3_SIM.csproj", "{6CA649AA-99E7-4642-B2E7-C39AE7044354}"
EndProject
Global
	GlobalSection(SolutionConfigurationPlatforms) = preSolution
		Debug|Any CPU = Debug|Any CPU
		Release|Any CPU = Release|Any CPU
	EndGlobalSection
	GlobalSection(ProjectConfigurationPlatforms) = postSolution
		{6CA649AA-99E7-4642-B2E7-C39AE7044354}.Debug|Any CPU.ActiveCfg = Debug|Any CPU
		{6CA649AA-99E7-4642-B2E7-C39AE7044354}.Debug|Any CPU.Build.0 = Debug|Any CPU
		{6CA649AA-99E7-4642-B2E7-C39AE7044354}.Release|Any CPU.ActiveCfg = Release|Any CPU
		{6CA649AA-99E7-4642-B2E7-C39AE7044354}.Release|Any CPU.Build.0 = Release|Any CPU
	EndGlobalSection
	GlobalSection(SolutionProperties) = preSolution
		HideSolutionNode = FALSE
	EndGlobalSection
	GlobalSection(ExtensibilityGlobals) = postSolution
		SolutionGuid = {DA1C5F53-670B-4237-8D21-A10834D9EE3D}
	EndGlobalSection
EndGlobal
